
Microsoft Visual Studio Solution File, Format Version 12.00
# Visual Studio Version 16
VisualStudioVersion = 16.0.29318.209
MinimumVisualStudioVersion = 10.0.40219.1
Project("{FAE04EC0-301F-11D3-BF4B-00C04F79EFBC}") = "SuperHero", "SuperHero\SuperHero.csproj", "{C90EFD09-B4DC-4197-8F4B-EF5229357394}"
EndProject
Global
	GlobalSection(SolutionConfigurationPlatforms) = preSolution
		Debug|Any CPU = Debug|Any CPU
		Release|Any CPU = Release|Any CPU
	EndGlobalSection
	GlobalSection(ProjectConfigurationPlatforms) = postSolution
		{C90EFD09-B4DC-4197-8F4B-EF5229357394}.Debug|Any CPU.ActiveCfg = Debug|Any CPU
		{C90EFD09-B4DC-4197-8F4B-EF5229357394}.Debug|Any CPU.Build.0 = Debug|Any CPU
		{C90EFD09-B4DC-4197-8F4B-EF5229357394}.Release|Any CPU.ActiveCfg = Release|Any CPU
		{C90EFD09-B4DC-4197-8F4B-EF5229357394}.Release|Any CPU.Build.0 = Release|Any CPU
	EndGlobalSection
	GlobalSection(SolutionProperties) = preSolution
		HideSolutionNode = FALSE
	EndGlobalSection
	GlobalSection(ExtensibilityGlobals) = postSolution
		SolutionGuid = {F34635E3-DAF6-498E-B5EA-90933F2DAC28}
	EndGlobalSection
EndGlobal
